
Microsoft Visual Studio Solution File, Format Version 12.00
# Visual Studio 14
VisualStudioVersion = 14.0.25420.1
MinimumVisualStudioVersion = 10.0.40219.1
Project("{FAE04EC0-301F-11D3-BF4B-00C04F79EFBC}") = "WorkSchedule.System", "WorkSchedule.System\WorkSchedule.System.csproj", "{BD1707B1-CF69-4781-B55A-C00B9B981616}"
EndProject
Project("{FAE04EC0-301F-11D3-BF4B-00C04F79EFBC}") = "WorkSchedule.Data", "WorkSchedule.Data\WorkSchedule.Data.csproj", "{F2A4C74B-7DF7-43B0-B39F-00A70286E8FD}"
EndProject
Project("{E24C65DC-7377-472B-9ABA-BC803B73C61A}") = "Website", "Website\", "{27C7F6E8-4439-4865-B213-888CA0C74793}"
	ProjectSection(WebsiteProperties) = preProject
		TargetFrameworkMoniker = ".NETFramework,Version%3Dv4.5.2"
		ProjectReferences = "{f2a4c74b-7df7-43b0-b39f-00a70286e8fd}|WorkSchedule.Data.dll;{bd1707b1-cf69-4781-b55a-c00b9b981616}|WorkSchedule.System.dll;"
		Debug.AspNetCompiler.VirtualPath = "/localhost_50130"
		Debug.AspNetCompiler.PhysicalPath = "Website\"
		Debug.AspNetCompiler.TargetPath = "PrecompiledWeb\localhost_50130\"
		Debug.AspNetCompiler.Updateable = "true"
		Debug.AspNetCompiler.ForceOverwrite = "true"
		Debug.AspNetCompiler.FixedNames = "false"
		Debug.AspNetCompiler.Debug = "True"
		Release.AspNetCompiler.VirtualPath = "/localhost_50130"
		Release.AspNetCompiler.PhysicalPath = "Website\"
		Release.AspNetCompiler.TargetPath = "PrecompiledWeb\localhost_50130\"
		Release.AspNetCompiler.Updateable = "true"
		Release.AspNetCompiler.ForceOverwrite = "true"
		Release.AspNetCompiler.FixedNames = "false"
		Release.AspNetCompiler.Debug = "False"
		VWDPort = "50130"
		SlnRelativePath = "Website\"
		DefaultWebSiteLanguage = "Visual C#"
	EndProjectSection
EndProject
Global
	GlobalSection(SolutionConfigurationPlatforms) = preSolution
		Debug|Any CPU = Debug|Any CPU
		Release|Any CPU = Release|Any CPU
	EndGlobalSection
	GlobalSection(ProjectConfigurationPlatforms) = postSolution
		{BD1707B1-CF69-4781-B55A-C00B9B981616}.Debug|Any CPU.ActiveCfg = Debug|Any CPU
		{BD1707B1-CF69-4781-B55A-C00B9B981616}.Debug|Any CPU.Build.0 = Debug|Any CPU
		{BD1707B1-CF69-4781-B55A-C00B9B981616}.Release|Any CPU.ActiveCfg = Release|Any CPU
		{BD1707B1-CF69-4781-B55A-C00B9B981616}.Release|Any CPU.Build.0 = Release|Any CPU
		{F2A4C74B-7DF7-43B0-B39F-00A70286E8FD}.Debug|Any CPU.ActiveCfg = Debug|Any CPU
		{F2A4C74B-7DF7-43B0-B39F-00A70286E8FD}.Debug|Any CPU.Build.0 = Debug|Any CPU
		{F2A4C74B-7DF7-43B0-B39F-00A70286E8FD}.Release|Any CPU.ActiveCfg = Release|Any CPU
		{F2A4C74B-7DF7-43B0-B39F-00A70286E8FD}.Release|Any CPU.Build.0 = Release|Any CPU
		{27C7F6E8-4439-4865-B213-888CA0C74793}.Debug|Any CPU.ActiveCfg = Debug|Any CPU
		{27C7F6E8-4439-4865-B213-888CA0C74793}.Debug|Any CPU.Build.0 = Debug|Any CPU
		{27C7F6E8-4439-4865-B213-888CA0C74793}.Release|Any CPU.ActiveCfg = Debug|Any CPU
		{27C7F6E8-4439-4865-B213-888CA0C74793}.Release|Any CPU.Build.0 = Debug|Any CPU
	EndGlobalSection
	GlobalSection(SolutionProperties) = preSolution
		HideSolutionNode = FALSE
	EndGlobalSection
EndGlobal
